// !$*UTF8*$!
{
	archiveVersion = 1;
	classes = {
	};
	objectVersion = 50;
	objects = {

/* Begin PBXBuildFile section */
		38310E93246F7A2900CEA4CD /* AppDelegate.swift in Sources */ = {isa = PBXBuildFile; fileRef = 38310E92246F7A2900CEA4CD /* AppDelegate.swift */; };
		38310E95246F7A2900CEA4CD /* SceneDelegate.swift in Sources */ = {isa = PBXBuildFile; fileRef = 38310E94246F7A2900CEA4CD /* SceneDelegate.swift */; };
		38310E97246F7A2900CEA4CD /* ViewController.swift in Sources */ = {isa = PBXBuildFile; fileRef = 38310E96246F7A2900CEA4CD /* ViewController.swift */; };
		38310E9C246F7A2E00CEA4CD /* Assets.xcassets in Resources */ = {isa = PBXBuildFile; fileRef = 38310E9B246F7A2E00CEA4CD /* Assets.xcassets */; };
		38310E9F246F7A2E00CEA4CD /* LaunchScreen.storyboard in Resources */ = {isa = PBXBuildFile; fileRef = 38310E9D246F7A2E00CEA4CD /* LaunchScreen.storyboard */; };
		384BE8F824740E63002782B3 /* 1.jpg in Resources */ = {isa = PBXBuildFile; fileRef = 384BE8F724740E63002782B3 /* 1.jpg */; };
/* End PBXBuildFile section */

/* Begin PBXFileReference section */
		38310E8F246F7A2900CEA4CD /* amnesic.app */ = {isa = PBXFileReference; explicitFileType = wrapper.application; includeInIndex = 0; path = amnesic.app; sourceTree = BUILT_PRODUCTS_DIR; };
		38310E92246F7A2900CEA4CD /* AppDelegate.swift */ = {isa = PBXFileReference; lastKnownFileType = sourcecode.swift; path = AppDelegate.swift; sourceTree = "<group>"; };
		38310E94246F7A2900CEA4CD /* SceneDelegate.swift */ = {isa = PBXFileReference; lastKnownFileType = sourcecode.swift; path = SceneDelegate.swift; sourceTree = "<group>"; };
		38310E96246F7A2900CEA4CD /* ViewController.swift */ = {isa = PBXFileReference; lastKnownFileType = sourcecode.swift; path = ViewController.swift; sourceTree = "<group>"; };
		38310E9B246F7A2E00CEA4CD /* Assets.xcassets */ = {isa = PBXFileReference; lastKnownFileType = folder.assetcatalog; path = Assets.xcassets; sourceTree = "<group>"; };
		38310E9E246F7A2E00CEA4CD /* Base */ = {isa = PBXFileReference; lastKnownFileType = file.storyboard; name = Base; path = Base.lproj/LaunchScreen.storyboard; sourceTree = "<group>"; };
		38310EA0246F7A2E00CEA4CD /* Info.plist */ = {isa = PBXFileReference; lastKnownFileType = text.plist.xml; path = Info.plist; sourceTree = "<group>"; };
		384BE8F724740E63002782B3 /* 1.jpg */ = {isa = PBXFileReference; lastKnownFileType = image.jpeg; name = 1.jpg; path = ../../../1.jpg; sourceTree = "<group>"; };
/* End PBXFileReference section */

/* Begin PBXFrameworksBuildPhase section */
		38310E8C246F7A2900CEA4CD /* Frameworks */ = {
			isa = PBXFrameworksBuildPhase;
			buildActionMask = 2147483647;
			files = (
			);
			runOnlyForDeploymentPostprocessing = 0;
		};
/* End PBXFrameworksBuildPhase section */

/* Begin PBXGroup section */
		38310E86246F7A2900CEA4CD = {
			isa = PBXGroup;
			children = (
				38310E91246F7A2900CEA4CD /* amnesic */,
				38310E90246F7A2900CEA4CD /* Products */,
			);
			sourceTree = "<group>";
		};
		38310E90246F7A2900CEA4CD /* Products */ = {
			isa = PBXGroup;
			children = (
				38310E8F246F7A2900CEA4CD /* amnesic.app */,
			);
			name = Products;
			sourceTree = "<group>";
		};
		38310E91246F7A2900CEA4CD /* amnesic */ = {
			isa = PBXGroup;
			children = (
				38310EAA2470E9CB00CEA4CD /* Controller  */,
				38310EA92470E9A500CEA4CD /* view */,
				38310EA62470E92300CEA4CD /* model */,
				38310E92246F7A2900CEA4CD /* AppDelegate.swift */,
				38310E94246F7A2900CEA4CD /* SceneDelegate.swift */,
				384BE8F724740E63002782B3 /* 1.jpg */,
				38310E9B246F7A2E00CEA4CD /* Assets.xcassets */,
				38310E9D246F7A2E00CEA4CD /* LaunchScreen.storyboard */,
				38310EA0246F7A2E00CEA4CD /* Info.plist */,
			);
			path = amnesic;
			sourceTree = "<group>";
		};
		38310EA62470E92300CEA4CD /* model */ = {
			isa = PBXGroup;
			children = (
			);
			path = model;
			sourceTree = "<group>";
		};
		38310EA92470E9A500CEA4CD /* view */ = {
			isa = PBXGroup;
			children = (
			);
			path = view;
			sourceTree = "<group>";
		};
		38310EAA2470E9CB00CEA4CD /* Controller  */ = {
			isa = PBXGroup;
			children = (
				38310E96246F7A2900CEA4CD /* ViewController.swift */,
			);
			path = "Controller ";
			sourceTree = "<group>";
		};
/* End PBXGroup section */

/* Begin PBXNativeTarget section */
		38310E8E246F7A2900CEA4CD /* amnesic */ = {
			isa = PBXNativeTarget;
			buildConfigurationList = 38310EA3246F7A2E00CEA4CD /* Build configuration list for PBXNativeTarget "amnesic" */;
			buildPhases = (
				38310E8B246F7A2900CEA4CD /* Sources */,
				38310E8C246F7A2900CEA4CD /* Frameworks */,
				38310E8D246F7A2900CEA4CD /* Resources */,
			);
			buildRules = (
			);
			dependencies = (
			);
			name = amnesic;
			productName = amnesic;
			productReference = 38310E8F246F7A2900CEA4CD /* amnesic.app */;
			productType = "com.apple.product-type.application";
		};
/* End PBXNativeTarget section */

/* Begin PBXProject section */
		38310E87246F7A2900CEA4CD /* Project object */ = {
			isa = PBXProject;
			attributes = {
				LastSwiftUpdateCheck = 1140;
				LastUpgradeCheck = 1140;
				ORGANIZATIONNAME = Nimit;
				TargetAttributes = {
					38310E8E246F7A2900CEA4CD = {
						CreatedOnToolsVersion = 11.4.1;
					};
				};
			};
			buildConfigurationList = 38310E8A246F7A2900CEA4CD /* Build configuration list for PBXProject "amnesic" */;
			compatibilityVersion = "Xcode 9.3";
			developmentRegion = en;
			hasScannedForEncodings = 0;
			knownRegions = (
				en,
				Base,
			);
			mainGroup = 38310E86246F7A2900CEA4CD;
			productRefGroup = 38310E90246F7A2900CEA4CD /* Products */;
			projectDirPath = "";
			projectRoot = "";
			targets = (
				38310E8E246F7A2900CEA4CD /* amnesic */,
			);
		};
/* End PBXProject section */

/* Begin PBXResourcesBuildPhase section */
		38310E8D246F7A2900CEA4CD /* Resources */ = {
			isa = PBXResourcesBuildPhase;
			buildActionMask = 2147483647;
			files = (
				384BE8F824740E63002782B3 /* 1.jpg in Resources */,
				38310E9F246F7A2E00CEA4CD /* LaunchScreen.storyboard in Resources */,
				38310E9C246F7A2E00CEA4CD /* Assets.xcassets in Resources */,
			);
			runOnlyForDeploymentPostprocessing = 0;
		};
/* End PBXResourcesBuildPhase section */

/* Begin PBXSourcesBuildPhase section */
		38310E8B246F7A2900CEA4CD /* Sources */ = {
			isa = PBXSourcesBuildPhase;
			buildActionMask = 2147483647;
			files = (
				38310E97246F7A2900CEA4CD /* ViewController.swift in Sources */,
				38310E93246F7A2900CEA4CD /* AppDelegate.swift in Sources */,
				38310E95246F7A2900CEA4CD /* SceneDelegate.swift in Sources */,
			);
			runOnlyForDeploymentPostprocessing = 0;
		};
/* End PBXSourcesBuildPhase section */

/* Begin PBXVariantGroup section */
		38310E9D246F7A2E00CEA4CD /* LaunchScreen.storyboard */ = {
			isa = PBXVariantGroup;
			children = (
				38310E9E246F7A2E00CEA4CD /* Base */,
			);
			name = LaunchScreen.storyboard;
			sourceTree = "<group>";
		};
/* End PBXVariantGroup section */

/* Begin XCBuildConfiguration section */
		38310EA1246F7A2E00CEA4CD /* Debug */ = {
			isa = XCBuildConfiguration;
			buildSettings = {
				ALWAYS_SEARCH_USER_PATHS = NO;
				CLANG_ANALYZER_NONNULL = YES;
				CLANG_ANALYZER_NUMBER_OBJECT_CONVERSION = YES_AGGRESSIVE;
				CLANG_CXX_LANGUAGE_STANDARD = "gnu++14";
				CLANG_CXX_LIBRARY = "libc++";
				CLANG_ENABLE_MODULES = YES;
				CLANG_ENABLE_OBJC_ARC = YES;
				CLANG_ENABLE_OBJC_WEAK = YES;
				CLANG_WARN_BLOCK_CAPTURE_AUTORELEASING = YES;
				CLANG_WARN_BOOL_CONVERSION = YES;
				CLANG_WARN_COMMA = YES;
				CLANG_WARN_CONSTANT_CONVERSION = YES;
				CLANG_WARN_DEPRECATED_OBJC_IMPLEMENTATIONS = YES;
				CLANG_WARN_DIRECT_OBJC_ISA_USAGE = YES_ERROR;
				CLANG_WARN_DOCUMENTATION_COMMENTS = YES;
				CLANG_WARN_EMPTY_BODY = YES;
				CLANG_WARN_ENUM_CONVERSION = YES;
				CLANG_WARN_INFINITE_RECURSION = YES;
				CLANG_WARN_INT_CONVERSION = YES;
				CLANG_WARN_NON_LITERAL_NULL_CONVERSION = YES;
				CLANG_WARN_OBJC_IMPLICIT_RETAIN_SELF = YES;
				CLANG_WARN_OBJC_LITERAL_CONVERSION = YES;
				CLANG_WARN_OBJC_ROOT_CLASS = YES_ERROR;
				CLANG_WARN_RANGE_LOOP_ANALYSIS = YES;
				CLANG_WARN_STRICT_PROTOTYPES = YES;
				CLANG_WARN_SUSPICIOUS_MOVE = YES;
				CLANG_WARN_UNGUARDED_AVAILABILITY = YES_AGGRESSIVE;
				CLANG_WARN_UNREACHABLE_CODE = YES;
				CLANG_WARN__DUPLICATE_METHOD_MATCH = YES;
				COPY_PHASE_STRIP = NO;
				DEBUG_INFORMATION_FORMAT = dwarf;
				ENABLE_STRICT_OBJC_MSGSEND = YES;
				ENABLE_TESTABILITY = YES;
				GCC_C_LANGUAGE_STANDARD = gnu11;
				GCC_DYNAMIC_NO_PIC = NO;
				GCC_NO_COMMON_BLOCKS = YES;
				GCC_OPTIMIZATION_LEVEL = 0;
				GCC_PREPROCESSOR_DEFINITIONS = (
					"DEBUG=1",
					"$(inherited)",
				);
				GCC_WARN_64_TO_32_BIT_CONVERSION = YES;
				GCC_WARN_ABOUT_RETURN_TYPE = YES_ERROR;
				GCC_WARN_UNDECLARED_SELECTOR = YES;
				GCC_WARN_UNINITIALIZED_AUTOS = YES_AGGRESSIVE;
				GCC_WARN_UNUSED_FUNCTION = YES;
				GCC_WARN_UNUSED_VARIABLE = YES;
				IPHONEOS_DEPLOYMENT_TARGET = 13.4;
				MTL_ENABLE_DEBUG_INFO = INCLUDE_SOURCE;
				MTL_FAST_MATH = YES;
				ONLY_ACTIVE_ARCH = YES;
				SDKROOT = iphoneos;
				SWIFT_ACTIVE_COMPILATION_CONDITIONS = DEBUG;
				SWIFT_OPTIMIZATION_LEVEL = "-Onone";
			};
			name = Debug;
		};
		38310EA2246F7A2E00CEA4CD /* Release */ = {
			isa = XCBuildConfiguration;
			buildSettings = {
				ALWAYS_SEARCH_USER_PATHS = NO;
				CLANG_ANALYZER_NONNULL = YES;
				CLANG_ANALYZER_NUMBER_OBJECT_CONVERSION = YES_AGGRESSIVE;
				CLANG_CXX_LANGUAGE_STANDARD = "gnu++14";
				CLANG_CXX_LIBRARY = "libc++";
				CLANG_ENABLE_MODULES = YES;
				CLANG_ENABLE_OBJC_ARC = YES;
				CLANG_ENABLE_OBJC_WEAK = YES;
				CLANG_WARN_BLOCK_CAPTURE_AUTORELEASING = YES;
				CLANG_WARN_BOOL_CONVERSION = YES;
				CLANG_WARN_COMMA = YES;
				CLANG_WARN_CONSTANT_CONVERSION = YES;
				CLANG_WARN_DEPRECATED_OBJC_IMPLEMENTATIONS = YES;
				CLANG_WARN_DIRECT_OBJC_ISA_USAGE = YES_ERROR;
				CLANG_WARN_DOCUMENTATION_COMMENTS = YES;
				CLANG_WARN_EMPTY_BODY = YES;
				CLANG_WARN_ENUM_CONVERSION = YES;
				CLANG_WARN_INFINITE_RECURSION = YES;
				CLANG_WARN_INT_CONVERSION = YES;
				CLANG_WARN_NON_LITERAL_NULL_CONVERSION = YES;
				CLANG_WARN_OBJC_IMPLICIT_RETAIN_SELF = YES;
				CLANG_WARN_OBJC_LITERAL_CONVERSION = YES;
				CLANG_WARN_OBJC_ROOT_CLASS = YES_ERROR;
				CLANG_WARN_RANGE_LOOP_ANALYSIS = YES;
				CLANG_WARN_STRICT_PROTOTYPES = YES;
				CLANG_WARN_SUSPICIOUS_MOVE = YES;
				CLANG_WARN_UNGUARDED_AVAILABILITY = YES_AGGRESSIVE;
				CLANG_WARN_UNREACHABLE_CODE = YES;
				CLANG_WARN__DUPLICATE_METHOD_MATCH = YES;
				COPY_PHASE_STRIP = NO;
				DEBUG_INFORMATION_FORMAT = "dwarf-with-dsym";
				ENABLE_NS_ASSERTIONS = NO;
				ENABLE_STRICT_OBJC_MSGSEND = YES;
				GCC_C_LANGUAGE_STANDARD = gnu11;
				GCC_NO_COMMON_BLOCKS = YES;
				GCC_WARN_64_TO_32_BIT_CONVERSION = YES;
				GCC_WARN_ABOUT_RETURN_TYPE = YES_ERROR;
				GCC_WARN_UNDECLARED_SELECTOR = YES;
				GCC_WARN_UNINITIALIZED_AUTOS = YES_AGGRESSIVE;
				GCC_WARN_UNUSED_FUNCTION = YES;
				GCC_WARN_UNUSED_VARIABLE = YES;
				IPHONEOS_DEPLOYMENT_TARGET = 13.4;
				MTL_ENABLE_DEBUG_INFO = NO;
				MTL_FAST_MATH = YES;
				SDKROOT = iphoneos;
				SWIFT_COMPILATION_MODE = wholemodule;
				SWIFT_OPTIMIZATION_LEVEL = "-O";
				VALIDATE_PRODUCT = YES;
			};
			name = Release;
		};
		38310EA4246F7A2E00CEA4CD /* Debug */ = {
			isa = XCBuildConfiguration;
			buildSettings = {
				ASSETCATALOG_COMPILER_APPICON_NAME = AppIcon;
				CODE_SIGN_STYLE = Automatic;
				INFOPLIST_FILE = amnesic/Info.plist;
				LD_RUNPATH_SEARCH_PATHS = (
					"$(inherited)",
					"@executable_path/Frameworks",
				);
				PRODUCT_BUNDLE_IDENTIFIER = nimit.amnesic;
				PRODUCT_NAME = "$(TARGET_NAME)";
				SWIFT_VERSION = 5.0;
				TARGETED_DEVICE_FAMILY = "1,2";
			};
			name = Debug;
		};
		38310EA5246F7A2E00CEA4CD /* Release */ = {
			isa = XCBuildConfiguration;
			buildSettings = {
				ASSETCATALOG_COMPILER_APPICON_NAME = AppIcon;
				CODE_SIGN_STYLE = Automatic;
				INFOPLIST_FILE = amnesic/Info.plist;
				LD_RUNPATH_SEARCH_PATHS = (
					"$(inherited)",
					"@executable_path/Frameworks",
				);
				PRODUCT_BUNDLE_IDENTIFIER = nimit.amnesic;
				PRODUCT_NAME = "$(TARGET_NAME)";
				SWIFT_VERSION = 5.0;
				TARGETED_DEVICE_FAMILY = "1,2";
			};
			name = Release;
		};
/* End XCBuildConfiguration section */

/* Begin XCConfigurationList section */
		38310E8A246F7A2900CEA4CD /* Build configuration list for PBXProject "amnesic" */ = {
			isa = XCConfigurationList;
			buildConfigurations = (
				38310EA1246F7A2E00CEA4CD /* Debug */,
				38310EA2246F7A2E00CEA4CD /* Release */,
			);
			defaultConfigurationIsVisible = 0;
			defaultConfigurationName = Release;
		};
		38310EA3246F7A2E00CEA4CD /* Build configuration list for PBXNativeTarget "amnesic" */ = {
			isa = XCConfigurationList;
			buildConfigurations = (
				38310EA4246F7A2E00CEA4CD /* Debug */,
				38310EA5246F7A2E00CEA4CD /* Release */,
			);
			defaultConfigurationIsVisible = 0;
			defaultConfigurationName = Release;
		};
/* End XCConfigurationList section */
	};
	rootObject = 38310E87246F7A2900CEA4CD /* Project object */;
}
